
Microsoft Visual Studio Solution File, Format Version 12.00
# Visual Studio 15
VisualStudioVersion = 15.0.28307.421
MinimumVisualStudioVersion = 10.0.40219.1
Project("{2150E333-8FDC-42A3-9474-1A3956D46DE8}") = "0_thirdparty", "0_thirdparty", "{84EA0F1F-C95F-4BA5-9C1C-E68CD2D108DD}"
EndProject
Project("{8BC9CEB8-8B4A-11D0-8D11-00A0C91BC942}") = "libaacs", "thirdparty\aacs-0.9.0\libaacs.vcxproj", "{A78DCBC4-077B-4884-A7F4-D9AF70EDB538}"
EndProject
Project("{8BC9CEB8-8B4A-11D0-8D11-00A0C91BC942}") = "libgcrypt", "thirdparty\gcrypt-1.10.1\libgcrypt.vcxproj", "{5D7A23EF-09DE-4C75-8ED1-F783BAACFC7E}"
EndProject
Project("{8BC9CEB8-8B4A-11D0-8D11-00A0C91BC942}") = "libgpg-error", "thirdparty\gpg-error-1.45\libgpg-error.vcxproj", "{A04A762D-A8D7-4F68-9B79-FBE63C6BE105}"
EndProject
Project("{2150E333-8FDC-42A3-9474-1A3956D46DE8}") = "0_lib", "0_lib", "{EE4F2CF3-2734-42A2-966A-BFCFABDA1A65}"
EndProject
Project("{2150E333-8FDC-42A3-9474-1A3956D46DE8}") = "1_dll", "1_dll", "{4E401C2E-1BC0-4859-92B2-40434C7A9343}"
EndProject
Project("{8BC9CEB8-8B4A-11D0-8D11-00A0C91BC942}") = "gpg-error", "thirdparty\gpg-error-1.45\gpg-error.vcxproj", "{D09679C2-F0E7-4CA9-A26E-76E35D5D6AD4}"
EndProject
Project("{8BC9CEB8-8B4A-11D0-8D11-00A0C91BC942}") = "gcrypt", "thirdparty\gcrypt-1.10.1\gcrypt.vcxproj", "{291DC77D-894B-4903-B382-696F4B2E64E8}"
	ProjectSection(ProjectDependencies) = postProject
		{D09679C2-F0E7-4CA9-A26E-76E35D5D6AD4} = {D09679C2-F0E7-4CA9-A26E-76E35D5D6AD4}
	EndProjectSection
EndProject
Project("{8BC9CEB8-8B4A-11D0-8D11-00A0C91BC942}") = "aacs", "thirdparty\aacs-0.9.0\aacs.vcxproj", "{B192CF15-5D29-4BD9-A5F0-2BBB90DC2864}"
	ProjectSection(ProjectDependencies) = postProject
		{291DC77D-894B-4903-B382-696F4B2E64E8} = {291DC77D-894B-4903-B382-696F4B2E64E8}
		{D09679C2-F0E7-4CA9-A26E-76E35D5D6AD4} = {D09679C2-F0E7-4CA9-A26E-76E35D5D6AD4}
	EndProjectSection
EndProject
Project("{2150E333-8FDC-42A3-9474-1A3956D46DE8}") = "1_demo", "1_demo", "{B597BC7D-820F-43F2-8564-AB5A5FD58685}"
EndProject
Project("{2150E333-8FDC-42A3-9474-1A3956D46DE8}") = "examples", "examples", "{DDE9F9FC-30EA-4EF6-B1CF-0BCD43491C68}"
EndProject
Project("{8BC9CEB8-8B4A-11D0-8D11-00A0C91BC942}") = "aacs_info", "demo\examples\aacs_info.vcxproj", "{3CFD8D3C-5D69-47BF-9E96-BCD6AC473C8C}"
EndProject
Project("{8BC9CEB8-8B4A-11D0-8D11-00A0C91BC942}") = "parser_test", "demo\examples\parser_test.vcxproj", "{E7B737C6-33B1-4CA6-83BE-AEFBE216BACA}"
EndProject
Global
	GlobalSection(SolutionConfigurationPlatforms) = preSolution
		Debug|x64 = Debug|x64
		Release|x64 = Release|x64
	EndGlobalSection
	GlobalSection(ProjectConfigurationPlatforms) = postSolution
		{A78DCBC4-077B-4884-A7F4-D9AF70EDB538}.Debug|x64.ActiveCfg = Debug|x64
		{A78DCBC4-077B-4884-A7F4-D9AF70EDB538}.Debug|x64.Build.0 = Debug|x64
		{A78DCBC4-077B-4884-A7F4-D9AF70EDB538}.Release|x64.ActiveCfg = Release|x64
		{A78DCBC4-077B-4884-A7F4-D9AF70EDB538}.Release|x64.Build.0 = Release|x64
		{5D7A23EF-09DE-4C75-8ED1-F783BAACFC7E}.Debug|x64.ActiveCfg = Debug|x64
		{5D7A23EF-09DE-4C75-8ED1-F783BAACFC7E}.Debug|x64.Build.0 = Debug|x64
		{5D7A23EF-09DE-4C75-8ED1-F783BAACFC7E}.Release|x64.ActiveCfg = Release|x64
		{5D7A23EF-09DE-4C75-8ED1-F783BAACFC7E}.Release|x64.Build.0 = Release|x64
		{A04A762D-A8D7-4F68-9B79-FBE63C6BE105}.Debug|x64.ActiveCfg = Debug|x64
		{A04A762D-A8D7-4F68-9B79-FBE63C6BE105}.Debug|x64.Build.0 = Debug|x64
		{A04A762D-A8D7-4F68-9B79-FBE63C6BE105}.Release|x64.ActiveCfg = Release|x64
		{A04A762D-A8D7-4F68-9B79-FBE63C6BE105}.Release|x64.Build.0 = Release|x64
		{D09679C2-F0E7-4CA9-A26E-76E35D5D6AD4}.Debug|x64.ActiveCfg = Debug|x64
		{D09679C2-F0E7-4CA9-A26E-76E35D5D6AD4}.Debug|x64.Build.0 = Debug|x64
		{D09679C2-F0E7-4CA9-A26E-76E35D5D6AD4}.Release|x64.ActiveCfg = Release|x64
		{D09679C2-F0E7-4CA9-A26E-76E35D5D6AD4}.Release|x64.Build.0 = Release|x64
		{291DC77D-894B-4903-B382-696F4B2E64E8}.Debug|x64.ActiveCfg = Debug|x64
		{291DC77D-894B-4903-B382-696F4B2E64E8}.Debug|x64.Build.0 = Debug|x64
		{291DC77D-894B-4903-B382-696F4B2E64E8}.Release|x64.ActiveCfg = Release|x64
		{291DC77D-894B-4903-B382-696F4B2E64E8}.Release|x64.Build.0 = Release|x64
		{B192CF15-5D29-4BD9-A5F0-2BBB90DC2864}.Debug|x64.ActiveCfg = Debug|x64
		{B192CF15-5D29-4BD9-A5F0-2BBB90DC2864}.Debug|x64.Build.0 = Debug|x64
		{B192CF15-5D29-4BD9-A5F0-2BBB90DC2864}.Release|x64.ActiveCfg = Release|x64
		{B192CF15-5D29-4BD9-A5F0-2BBB90DC2864}.Release|x64.Build.0 = Release|x64
		{3CFD8D3C-5D69-47BF-9E96-BCD6AC473C8C}.Debug|x64.ActiveCfg = Debug|x64
		{3CFD8D3C-5D69-47BF-9E96-BCD6AC473C8C}.Debug|x64.Build.0 = Debug|x64
		{3CFD8D3C-5D69-47BF-9E96-BCD6AC473C8C}.Release|x64.ActiveCfg = Release|x64
		{3CFD8D3C-5D69-47BF-9E96-BCD6AC473C8C}.Release|x64.Build.0 = Release|x64
		{E7B737C6-33B1-4CA6-83BE-AEFBE216BACA}.Debug|x64.ActiveCfg = Debug|x64
		{E7B737C6-33B1-4CA6-83BE-AEFBE216BACA}.Debug|x64.Build.0 = Debug|x64
		{E7B737C6-33B1-4CA6-83BE-AEFBE216BACA}.Release|x64.ActiveCfg = Release|x64
		{E7B737C6-33B1-4CA6-83BE-AEFBE216BACA}.Release|x64.Build.0 = Release|x64
	EndGlobalSection
	GlobalSection(SolutionProperties) = preSolution
		HideSolutionNode = FALSE
	EndGlobalSection
	GlobalSection(NestedProjects) = preSolution
		{A78DCBC4-077B-4884-A7F4-D9AF70EDB538} = {EE4F2CF3-2734-42A2-966A-BFCFABDA1A65}
		{5D7A23EF-09DE-4C75-8ED1-F783BAACFC7E} = {EE4F2CF3-2734-42A2-966A-BFCFABDA1A65}
		{A04A762D-A8D7-4F68-9B79-FBE63C6BE105} = {EE4F2CF3-2734-42A2-966A-BFCFABDA1A65}
		{EE4F2CF3-2734-42A2-966A-BFCFABDA1A65} = {84EA0F1F-C95F-4BA5-9C1C-E68CD2D108DD}
		{4E401C2E-1BC0-4859-92B2-40434C7A9343} = {84EA0F1F-C95F-4BA5-9C1C-E68CD2D108DD}
		{D09679C2-F0E7-4CA9-A26E-76E35D5D6AD4} = {4E401C2E-1BC0-4859-92B2-40434C7A9343}
		{291DC77D-894B-4903-B382-696F4B2E64E8} = {4E401C2E-1BC0-4859-92B2-40434C7A9343}
		{B192CF15-5D29-4BD9-A5F0-2BBB90DC2864} = {4E401C2E-1BC0-4859-92B2-40434C7A9343}
		{DDE9F9FC-30EA-4EF6-B1CF-0BCD43491C68} = {B597BC7D-820F-43F2-8564-AB5A5FD58685}
		{3CFD8D3C-5D69-47BF-9E96-BCD6AC473C8C} = {DDE9F9FC-30EA-4EF6-B1CF-0BCD43491C68}
		{E7B737C6-33B1-4CA6-83BE-AEFBE216BACA} = {DDE9F9FC-30EA-4EF6-B1CF-0BCD43491C68}
	EndGlobalSection
	GlobalSection(ExtensibilityGlobals) = postSolution
		SolutionGuid = {0A8CEE52-492A-4393-9DD8-1A14948800DE}
	EndGlobalSection
EndGlobal
